
Microsoft Visual Studio Solution File, Format Version 12.00
# Visual Studio Version 17
VisualStudioVersion = 17.9.34723.18
MinimumVisualStudioVersion = 10.0.40219.1
Project("{9A19103F-16F7-4668-BE54-9A1E7A4F7556}") = "Bibloteca PP", "..\..\..\..\source\repos\Classes PP\Bibloteca PP.csproj", "{A2A2EEC0-0B37-4EC8-8AB5-6EEE4696F7B0}"
EndProject
Project("{FAE04EC0-301F-11D3-BF4B-00C04F79EFBC}") = "PPPractica", "PPPractica\PPPractica.csproj", "{6CEB65A8-5496-48E1-8D17-4A7A23BDDB30}"
EndProject
Global
	GlobalSection(SolutionConfigurationPlatforms) = preSolution
		Debug|Any CPU = Debug|Any CPU
		Release|Any CPU = Release|Any CPU
	EndGlobalSection
	GlobalSection(ProjectConfigurationPlatforms) = postSolution
		{A2A2EEC0-0B37-4EC8-8AB5-6EEE4696F7B0}.Debug|Any CPU.ActiveCfg = Debug|Any CPU
		{A2A2EEC0-0B37-4EC8-8AB5-6EEE4696F7B0}.Debug|Any CPU.Build.0 = Debug|Any CPU
		{A2A2EEC0-0B37-4EC8-8AB5-6EEE4696F7B0}.Release|Any CPU.ActiveCfg = Release|Any CPU
		{A2A2EEC0-0B37-4EC8-8AB5-6EEE4696F7B0}.Release|Any CPU.Build.0 = Release|Any CPU
		{6CEB65A8-5496-48E1-8D17-4A7A23BDDB30}.Debug|Any CPU.ActiveCfg = Debug|Any CPU
		{6CEB65A8-5496-48E1-8D17-4A7A23BDDB30}.Debug|Any CPU.Build.0 = Debug|Any CPU
		{6CEB65A8-5496-48E1-8D17-4A7A23BDDB30}.Release|Any CPU.ActiveCfg = Release|Any CPU
		{6CEB65A8-5496-48E1-8D17-4A7A23BDDB30}.Release|Any CPU.Build.0 = Release|Any CPU
	EndGlobalSection
	GlobalSection(SolutionProperties) = preSolution
		HideSolutionNode = FALSE
	EndGlobalSection
	GlobalSection(ExtensibilityGlobals) = postSolution
		SolutionGuid = {50A845FB-7C2F-4F40-98FD-2E6DC613FD18}
	EndGlobalSection
EndGlobal
